
Microsoft Visual Studio Solution File, Format Version 12.00
# Visual Studio Version 16
VisualStudioVersion = 16.0.31702.278
MinimumVisualStudioVersion = 10.0.40219.1
Project("{9A19103F-16F7-4668-BE54-9A1E7A4F7556}") = "Maya.AnyHttpClient", "Maya.AnyHttpClient\Maya.AnyHttpClient.csproj", "{B47A4A1D-F97F-4CDF-AE4D-F80C66B698EE}"
EndProject
Project("{2150E333-8FDC-42A3-9474-1A3956D46DE8}") = "Solution Items", "Solution Items", "{53E737C6-BD1B-49CE-B1E4-4B4BD3DF3D4C}"
	ProjectSection(SolutionItems) = preProject
		.editorconfig = .editorconfig
		..\.gitignore = ..\.gitignore
		Directory.Build.props = Directory.Build.props
		global.json = global.json
		nuget.config = nuget.config
		..\Readme.md = ..\Readme.md
	EndProjectSection
EndProject
Global
	GlobalSection(SolutionConfigurationPlatforms) = preSolution
		Debug|Any CPU = Debug|Any CPU
		Release|Any CPU = Release|Any CPU
	EndGlobalSection
	GlobalSection(ProjectConfigurationPlatforms) = postSolution
		{B47A4A1D-F97F-4CDF-AE4D-F80C66B698EE}.Debug|Any CPU.ActiveCfg = Debug|Any CPU
		{B47A4A1D-F97F-4CDF-AE4D-F80C66B698EE}.Debug|Any CPU.Build.0 = Debug|Any CPU
		{B47A4A1D-F97F-4CDF-AE4D-F80C66B698EE}.Release|Any CPU.ActiveCfg = Release|Any CPU
		{B47A4A1D-F97F-4CDF-AE4D-F80C66B698EE}.Release|Any CPU.Build.0 = Release|Any CPU
	EndGlobalSection
	GlobalSection(SolutionProperties) = preSolution
		HideSolutionNode = FALSE
	EndGlobalSection
	GlobalSection(ExtensibilityGlobals) = postSolution
		SolutionGuid = {6716AA66-CE4C-4765-8B07-5743A0886485}
	EndGlobalSection
EndGlobal
